
Microsoft Visual Studio Solution File, Format Version 12.00
# Visual Studio Version 16
VisualStudioVersion = 16.0.30711.63
MinimumVisualStudioVersion = 10.0.40219.1
Project("{FAE04EC0-301F-11D3-BF4B-00C04F79EFBC}") = "Api_RenoExpress", "Api_RenoExpress\Api_RenoExpress.csproj", "{2301B066-45D0-453E-87F9-C6CFCCC6C460}"
EndProject
Global
	GlobalSection(SolutionConfigurationPlatforms) = preSolution
		Debug|Any CPU = Debug|Any CPU
		Release|Any CPU = Release|Any CPU
	EndGlobalSection
	GlobalSection(ProjectConfigurationPlatforms) = postSolution
		{2301B066-45D0-453E-87F9-C6CFCCC6C460}.Debug|Any CPU.ActiveCfg = Debug|Any CPU
		{2301B066-45D0-453E-87F9-C6CFCCC6C460}.Debug|Any CPU.Build.0 = Debug|Any CPU
		{2301B066-45D0-453E-87F9-C6CFCCC6C460}.Release|Any CPU.ActiveCfg = Release|Any CPU
		{2301B066-45D0-453E-87F9-C6CFCCC6C460}.Release|Any CPU.Build.0 = Release|Any CPU
	EndGlobalSection
	GlobalSection(SolutionProperties) = preSolution
		HideSolutionNode = FALSE
	EndGlobalSection
	GlobalSection(ExtensibilityGlobals) = postSolution
		SolutionGuid = {819AEF15-C665-4566-8B7D-FA3D41395B9B}
	EndGlobalSection
EndGlobal
